
Microsoft Visual Studio Solution File, Format Version 12.00
# Visual Studio Version 17
VisualStudioVersion = 17.6.33829.357
MinimumVisualStudioVersion = 10.0.40219.1
Project("{2150E333-8FDC-42A3-9474-1A3956D46DE8}") = "Spaces", "Spaces", "{E718302B-DC4B-4BF7-8A05-02A9F3DBDFDF}"
EndProject
Project("{9A19103F-16F7-4668-BE54-9A1E7A4F7556}") = "Spaces.Api", "Spaces.Api\Spaces.Api.csproj", "{DAD7EDFA-E52E-44D9-8612-72F0BEDB87DB}"
EndProject
Project("{9A19103F-16F7-4668-BE54-9A1E7A4F7556}") = "Spaces.Common", "Spaces.Common\Spaces.Common.csproj", "{D35F6F26-EB32-4263-87DF-12DC1FDF1CBA}"
EndProject
Project("{9A19103F-16F7-4668-BE54-9A1E7A4F7556}") = "Spaces.Persistance", "Spaces.Persistance\Spaces.Persistance.csproj", "{314788DE-A9DB-4D52-B1F4-32D295B1F669}"
EndProject
Project("{9A19103F-16F7-4668-BE54-9A1E7A4F7556}") = "Spaces.Grpc", "Spaces.Grpc\Spaces.Grpc.csproj", "{1EF432EF-9A59-4B11-8442-27289203B5C7}"
EndProject
Project("{2150E333-8FDC-42A3-9474-1A3956D46DE8}") = "Advertising", "Advertising", "{BAE26508-2154-4D19-A2A8-E27A5C44BB37}"
EndProject
Project("{9A19103F-16F7-4668-BE54-9A1E7A4F7556}") = "Advertising.Api", "Advertising.Api\Advertising.Api.csproj", "{9E84730C-872F-4FE7-83CF-8017116C46E5}"
EndProject
Project("{9A19103F-16F7-4668-BE54-9A1E7A4F7556}") = "Advertising.Common", "Advertising.Common\Advertising.Common.csproj", "{B95FA868-504B-4CFC-8BEC-46C5DCD6CEE1}"
EndProject
Project("{2150E333-8FDC-42A3-9474-1A3956D46DE8}") = "Security", "Security", "{D94B638A-1039-4479-A621-C752B927651A}"
EndProject
Project("{9A19103F-16F7-4668-BE54-9A1E7A4F7556}") = "IdentityServer.Api", "IdentityServer.Api\IdentityServer.Api.csproj", "{FC9C0B6A-C553-46CB-BDC5-F3252C4360B2}"
EndProject
Project("{E53339B2-1760-4266-BCC7-CA923CBCF16C}") = "docker-compose", "docker-compose.dcproj", "{932DEF11-0060-4AAD-BDE4-98ED9B2A76C7}"
EndProject
Project("{2150E333-8FDC-42A3-9474-1A3956D46DE8}") = "CDN", "CDN", "{BCF3E20C-6B28-4934-AAF5-A4698468B0D4}"
EndProject
Project("{9A19103F-16F7-4668-BE54-9A1E7A4F7556}") = "CDN.Api", "CDN.Api\CDN.Api.csproj", "{2865286B-707B-437E-A951-F34B4F59DCB6}"
EndProject
Project("{9A19103F-16F7-4668-BE54-9A1E7A4F7556}") = "CDN.Common", "CDN.Common\CDN.Common.csproj", "{68CC4882-3853-4C58-A527-2F679B7FEB3B}"
EndProject
Project("{9A19103F-16F7-4668-BE54-9A1E7A4F7556}") = "CDN.Grpc", "CDN.Grpc\CDN.Grpc.csproj", "{B7B0B261-43EB-477E-A9C9-0CAC6A7D0E8C}"
EndProject
Project("{9A19103F-16F7-4668-BE54-9A1E7A4F7556}") = "CDN.Persistance", "CDN.Persistance\CDN.Persistance.csproj", "{60A024D3-6B27-4B0F-9D76-1896D662B291}"
EndProject
Global
	GlobalSection(SolutionConfigurationPlatforms) = preSolution
		Debug|Any CPU = Debug|Any CPU
		Release|Any CPU = Release|Any CPU
	EndGlobalSection
	GlobalSection(ProjectConfigurationPlatforms) = postSolution
		{DAD7EDFA-E52E-44D9-8612-72F0BEDB87DB}.Debug|Any CPU.ActiveCfg = Debug|Any CPU
		{DAD7EDFA-E52E-44D9-8612-72F0BEDB87DB}.Debug|Any CPU.Build.0 = Debug|Any CPU
		{DAD7EDFA-E52E-44D9-8612-72F0BEDB87DB}.Release|Any CPU.ActiveCfg = Release|Any CPU
		{DAD7EDFA-E52E-44D9-8612-72F0BEDB87DB}.Release|Any CPU.Build.0 = Release|Any CPU
		{D35F6F26-EB32-4263-87DF-12DC1FDF1CBA}.Debug|Any CPU.ActiveCfg = Debug|Any CPU
		{D35F6F26-EB32-4263-87DF-12DC1FDF1CBA}.Debug|Any CPU.Build.0 = Debug|Any CPU
		{D35F6F26-EB32-4263-87DF-12DC1FDF1CBA}.Release|Any CPU.ActiveCfg = Release|Any CPU
		{D35F6F26-EB32-4263-87DF-12DC1FDF1CBA}.Release|Any CPU.Build.0 = Release|Any CPU
		{314788DE-A9DB-4D52-B1F4-32D295B1F669}.Debug|Any CPU.ActiveCfg = Debug|Any CPU
		{314788DE-A9DB-4D52-B1F4-32D295B1F669}.Debug|Any CPU.Build.0 = Debug|Any CPU
		{314788DE-A9DB-4D52-B1F4-32D295B1F669}.Release|Any CPU.ActiveCfg = Release|Any CPU
		{314788DE-A9DB-4D52-B1F4-32D295B1F669}.Release|Any CPU.Build.0 = Release|Any CPU
		{1EF432EF-9A59-4B11-8442-27289203B5C7}.Debug|Any CPU.ActiveCfg = Debug|Any CPU
		{1EF432EF-9A59-4B11-8442-27289203B5C7}.Debug|Any CPU.Build.0 = Debug|Any CPU
		{1EF432EF-9A59-4B11-8442-27289203B5C7}.Release|Any CPU.ActiveCfg = Release|Any CPU
		{1EF432EF-9A59-4B11-8442-27289203B5C7}.Release|Any CPU.Build.0 = Release|Any CPU
		{9E84730C-872F-4FE7-83CF-8017116C46E5}.Debug|Any CPU.ActiveCfg = Debug|Any CPU
		{9E84730C-872F-4FE7-83CF-8017116C46E5}.Debug|Any CPU.Build.0 = Debug|Any CPU
		{9E84730C-872F-4FE7-83CF-8017116C46E5}.Release|Any CPU.ActiveCfg = Release|Any CPU
		{9E84730C-872F-4FE7-83CF-8017116C46E5}.Release|Any CPU.Build.0 = Release|Any CPU
		{B95FA868-504B-4CFC-8BEC-46C5DCD6CEE1}.Debug|Any CPU.ActiveCfg = Debug|Any CPU
		{B95FA868-504B-4CFC-8BEC-46C5DCD6CEE1}.Debug|Any CPU.Build.0 = Debug|Any CPU
		{B95FA868-504B-4CFC-8BEC-46C5DCD6CEE1}.Release|Any CPU.ActiveCfg = Release|Any CPU
		{B95FA868-504B-4CFC-8BEC-46C5DCD6CEE1}.Release|Any CPU.Build.0 = Release|Any CPU
		{FC9C0B6A-C553-46CB-BDC5-F3252C4360B2}.Debug|Any CPU.ActiveCfg = Debug|Any CPU
		{FC9C0B6A-C553-46CB-BDC5-F3252C4360B2}.Debug|Any CPU.Build.0 = Debug|Any CPU
		{FC9C0B6A-C553-46CB-BDC5-F3252C4360B2}.Release|Any CPU.ActiveCfg = Release|Any CPU
		{FC9C0B6A-C553-46CB-BDC5-F3252C4360B2}.Release|Any CPU.Build.0 = Release|Any CPU
		{932DEF11-0060-4AAD-BDE4-98ED9B2A76C7}.Debug|Any CPU.ActiveCfg = Debug|Any CPU
		{932DEF11-0060-4AAD-BDE4-98ED9B2A76C7}.Debug|Any CPU.Build.0 = Debug|Any CPU
		{932DEF11-0060-4AAD-BDE4-98ED9B2A76C7}.Release|Any CPU.ActiveCfg = Release|Any CPU
		{932DEF11-0060-4AAD-BDE4-98ED9B2A76C7}.Release|Any CPU.Build.0 = Release|Any CPU
		{2865286B-707B-437E-A951-F34B4F59DCB6}.Debug|Any CPU.ActiveCfg = Debug|Any CPU
		{2865286B-707B-437E-A951-F34B4F59DCB6}.Debug|Any CPU.Build.0 = Debug|Any CPU
		{2865286B-707B-437E-A951-F34B4F59DCB6}.Release|Any CPU.ActiveCfg = Release|Any CPU
		{2865286B-707B-437E-A951-F34B4F59DCB6}.Release|Any CPU.Build.0 = Release|Any CPU
		{68CC4882-3853-4C58-A527-2F679B7FEB3B}.Debug|Any CPU.ActiveCfg = Debug|Any CPU
		{68CC4882-3853-4C58-A527-2F679B7FEB3B}.Debug|Any CPU.Build.0 = Debug|Any CPU
		{68CC4882-3853-4C58-A527-2F679B7FEB3B}.Release|Any CPU.ActiveCfg = Release|Any CPU
		{68CC4882-3853-4C58-A527-2F679B7FEB3B}.Release|Any CPU.Build.0 = Release|Any CPU
		{B7B0B261-43EB-477E-A9C9-0CAC6A7D0E8C}.Debug|Any CPU.ActiveCfg = Debug|Any CPU
		{B7B0B261-43EB-477E-A9C9-0CAC6A7D0E8C}.Debug|Any CPU.Build.0 = Debug|Any CPU
		{B7B0B261-43EB-477E-A9C9-0CAC6A7D0E8C}.Release|Any CPU.ActiveCfg = Release|Any CPU
		{B7B0B261-43EB-477E-A9C9-0CAC6A7D0E8C}.Release|Any CPU.Build.0 = Release|Any CPU
		{60A024D3-6B27-4B0F-9D76-1896D662B291}.Debug|Any CPU.ActiveCfg = Debug|Any CPU
		{60A024D3-6B27-4B0F-9D76-1896D662B291}.Debug|Any CPU.Build.0 = Debug|Any CPU
		{60A024D3-6B27-4B0F-9D76-1896D662B291}.Release|Any CPU.ActiveCfg = Release|Any CPU
		{60A024D3-6B27-4B0F-9D76-1896D662B291}.Release|Any CPU.Build.0 = Release|Any CPU
	EndGlobalSection
	GlobalSection(SolutionProperties) = preSolution
		HideSolutionNode = FALSE
	EndGlobalSection
	GlobalSection(NestedProjects) = preSolution
		{DAD7EDFA-E52E-44D9-8612-72F0BEDB87DB} = {E718302B-DC4B-4BF7-8A05-02A9F3DBDFDF}
		{D35F6F26-EB32-4263-87DF-12DC1FDF1CBA} = {E718302B-DC4B-4BF7-8A05-02A9F3DBDFDF}
		{314788DE-A9DB-4D52-B1F4-32D295B1F669} = {E718302B-DC4B-4BF7-8A05-02A9F3DBDFDF}
		{1EF432EF-9A59-4B11-8442-27289203B5C7} = {E718302B-DC4B-4BF7-8A05-02A9F3DBDFDF}
		{9E84730C-872F-4FE7-83CF-8017116C46E5} = {BAE26508-2154-4D19-A2A8-E27A5C44BB37}
		{B95FA868-504B-4CFC-8BEC-46C5DCD6CEE1} = {BAE26508-2154-4D19-A2A8-E27A5C44BB37}
		{FC9C0B6A-C553-46CB-BDC5-F3252C4360B2} = {D94B638A-1039-4479-A621-C752B927651A}
		{2865286B-707B-437E-A951-F34B4F59DCB6} = {BCF3E20C-6B28-4934-AAF5-A4698468B0D4}
		{68CC4882-3853-4C58-A527-2F679B7FEB3B} = {BCF3E20C-6B28-4934-AAF5-A4698468B0D4}
		{B7B0B261-43EB-477E-A9C9-0CAC6A7D0E8C} = {BCF3E20C-6B28-4934-AAF5-A4698468B0D4}
		{60A024D3-6B27-4B0F-9D76-1896D662B291} = {BCF3E20C-6B28-4934-AAF5-A4698468B0D4}
	EndGlobalSection
	GlobalSection(ExtensibilityGlobals) = postSolution
		SolutionGuid = {1718EA23-3342-4BDE-9E24-E38048A8FA03}
	EndGlobalSection
EndGlobal
